
Microsoft Visual Studio Solution File, Format Version 12.00
# Visual Studio Version 17
VisualStudioVersion = 17.9.34728.123
MinimumVisualStudioVersion = 10.0.40219.1
Project("{FAE04EC0-301F-11D3-BF4B-00C04F79EFBC}") = "WebApplication", "WebApplication\WebApplication.csproj", "{EEE606CA-02CB-46D0-AC73-3DD3E2F127F8}"
EndProject
Global
	GlobalSection(SolutionConfigurationPlatforms) = preSolution
		Debug|Any CPU = Debug|Any CPU
		Release|Any CPU = Release|Any CPU
	EndGlobalSection
	GlobalSection(ProjectConfigurationPlatforms) = postSolution
		{EEE606CA-02CB-46D0-AC73-3DD3E2F127F8}.Debug|Any CPU.ActiveCfg = Debug|Any CPU
		{EEE606CA-02CB-46D0-AC73-3DD3E2F127F8}.Debug|Any CPU.Build.0 = Debug|Any CPU
		{EEE606CA-02CB-46D0-AC73-3DD3E2F127F8}.Release|Any CPU.ActiveCfg = Release|Any CPU
		{EEE606CA-02CB-46D0-AC73-3DD3E2F127F8}.Release|Any CPU.Build.0 = Release|Any CPU
	EndGlobalSection
	GlobalSection(SolutionProperties) = preSolution
		HideSolutionNode = FALSE
	EndGlobalSection
	GlobalSection(ExtensibilityGlobals) = postSolution
		SolutionGuid = {B6B905ED-DAE7-4BEF-9247-D8E12FAB7100}
	EndGlobalSection
EndGlobal
