
Microsoft Visual Studio Solution File, Format Version 12.00
# Visual Studio Version 17
VisualStudioVersion = 17.9.34728.123
MinimumVisualStudioVersion = 10.0.40219.1
Project("{FAE04EC0-301F-11D3-BF4B-00C04F79EFBC}") = "ShopOnline", "ShopOnline\ShopOnline.csproj", "{75BD117B-DB35-4773-9BE5-EED4B2760787}"
EndProject
Project("{FAE04EC0-301F-11D3-BF4B-00C04F79EFBC}") = "Models", "Models\Models.csproj", "{CFDC0C17-979C-4F76-A2AD-D0279BA4336A}"
EndProject
Project("{FAE04EC0-301F-11D3-BF4B-00C04F79EFBC}") = "Common", "Common\Common.csproj", "{D067C7CE-46BD-47F9-8588-EA7328BC0E67}"
EndProject
Global
	GlobalSection(SolutionConfigurationPlatforms) = preSolution
		Debug|Any CPU = Debug|Any CPU
		Release|Any CPU = Release|Any CPU
	EndGlobalSection
	GlobalSection(ProjectConfigurationPlatforms) = postSolution
		{75BD117B-DB35-4773-9BE5-EED4B2760787}.Debug|Any CPU.ActiveCfg = Debug|Any CPU
		{75BD117B-DB35-4773-9BE5-EED4B2760787}.Debug|Any CPU.Build.0 = Debug|Any CPU
		{75BD117B-DB35-4773-9BE5-EED4B2760787}.Release|Any CPU.ActiveCfg = Release|Any CPU
		{75BD117B-DB35-4773-9BE5-EED4B2760787}.Release|Any CPU.Build.0 = Release|Any CPU
		{CFDC0C17-979C-4F76-A2AD-D0279BA4336A}.Debug|Any CPU.ActiveCfg = Debug|Any CPU
		{CFDC0C17-979C-4F76-A2AD-D0279BA4336A}.Debug|Any CPU.Build.0 = Debug|Any CPU
		{CFDC0C17-979C-4F76-A2AD-D0279BA4336A}.Release|Any CPU.ActiveCfg = Release|Any CPU
		{CFDC0C17-979C-4F76-A2AD-D0279BA4336A}.Release|Any CPU.Build.0 = Release|Any CPU
		{D067C7CE-46BD-47F9-8588-EA7328BC0E67}.Debug|Any CPU.ActiveCfg = Debug|Any CPU
		{D067C7CE-46BD-47F9-8588-EA7328BC0E67}.Debug|Any CPU.Build.0 = Debug|Any CPU
		{D067C7CE-46BD-47F9-8588-EA7328BC0E67}.Release|Any CPU.ActiveCfg = Release|Any CPU
		{D067C7CE-46BD-47F9-8588-EA7328BC0E67}.Release|Any CPU.Build.0 = Release|Any CPU
	EndGlobalSection
	GlobalSection(SolutionProperties) = preSolution
		HideSolutionNode = FALSE
	EndGlobalSection
	GlobalSection(ExtensibilityGlobals) = postSolution
		SolutionGuid = {027D9692-C3B0-4367-BA66-99D35F44A06A}
	EndGlobalSection
EndGlobal
